
Microsoft Visual Studio Solution File, Format Version 12.00
# Visual Studio Version 17
VisualStudioVersion = 17.2.32630.192
MinimumVisualStudioVersion = 10.0.40219.1
Project("{9A19103F-16F7-4668-BE54-9A1E7A4F7556}") = "BulkyBookWeb", "BulkyBookWeb\BulkyBookWeb.csproj", "{C935B74F-E32D-4159-B983-D839178D9071}"
EndProject
Project("{FAE04EC0-301F-11D3-BF4B-00C04F79EFBC}") = "BulkyBook.DataAccess", "BulkyBook.DataAccess\BulkyBook.DataAccess.csproj", "{7EC56EC1-4F39-4C5A-9718-361FE3F6F51A}"
EndProject
Project("{FAE04EC0-301F-11D3-BF4B-00C04F79EFBC}") = "BulkyBook.Models", "BulkyBook.Models\BulkyBook.Models.csproj", "{610F809D-5C3E-4245-9DA8-18D4A66DDF09}"
EndProject
Project("{FAE04EC0-301F-11D3-BF4B-00C04F79EFBC}") = "BulkyBook.Utility", "BulkyBook.Utility\BulkyBook.Utility.csproj", "{512518BD-0209-4AD3-946F-E95B2C0B2389}"
EndProject
Global
	GlobalSection(SolutionConfigurationPlatforms) = preSolution
		Debug|Any CPU = Debug|Any CPU
		Release|Any CPU = Release|Any CPU
	EndGlobalSection
	GlobalSection(ProjectConfigurationPlatforms) = postSolution
		{C935B74F-E32D-4159-B983-D839178D9071}.Debug|Any CPU.ActiveCfg = Debug|Any CPU
		{C935B74F-E32D-4159-B983-D839178D9071}.Debug|Any CPU.Build.0 = Debug|Any CPU
		{C935B74F-E32D-4159-B983-D839178D9071}.Release|Any CPU.ActiveCfg = Release|Any CPU
		{C935B74F-E32D-4159-B983-D839178D9071}.Release|Any CPU.Build.0 = Release|Any CPU
		{7EC56EC1-4F39-4C5A-9718-361FE3F6F51A}.Debug|Any CPU.ActiveCfg = Debug|Any CPU
		{7EC56EC1-4F39-4C5A-9718-361FE3F6F51A}.Debug|Any CPU.Build.0 = Debug|Any CPU
		{7EC56EC1-4F39-4C5A-9718-361FE3F6F51A}.Release|Any CPU.ActiveCfg = Release|Any CPU
		{7EC56EC1-4F39-4C5A-9718-361FE3F6F51A}.Release|Any CPU.Build.0 = Release|Any CPU
		{610F809D-5C3E-4245-9DA8-18D4A66DDF09}.Debug|Any CPU.ActiveCfg = Debug|Any CPU
		{610F809D-5C3E-4245-9DA8-18D4A66DDF09}.Debug|Any CPU.Build.0 = Debug|Any CPU
		{610F809D-5C3E-4245-9DA8-18D4A66DDF09}.Release|Any CPU.ActiveCfg = Release|Any CPU
		{610F809D-5C3E-4245-9DA8-18D4A66DDF09}.Release|Any CPU.Build.0 = Release|Any CPU
		{512518BD-0209-4AD3-946F-E95B2C0B2389}.Debug|Any CPU.ActiveCfg = Debug|Any CPU
		{512518BD-0209-4AD3-946F-E95B2C0B2389}.Debug|Any CPU.Build.0 = Debug|Any CPU
		{512518BD-0209-4AD3-946F-E95B2C0B2389}.Release|Any CPU.ActiveCfg = Release|Any CPU
		{512518BD-0209-4AD3-946F-E95B2C0B2389}.Release|Any CPU.Build.0 = Release|Any CPU
	EndGlobalSection
	GlobalSection(SolutionProperties) = preSolution
		HideSolutionNode = FALSE
	EndGlobalSection
	GlobalSection(ExtensibilityGlobals) = postSolution
		SolutionGuid = {87C1639D-0216-4AB5-9BD3-48B66873AC07}
	EndGlobalSection
EndGlobal
